
Microsoft Visual Studio Solution File, Format Version 12.00
# Visual Studio 2013
VisualStudioVersion = 12.0.30501.0
MinimumVisualStudioVersion = 10.0.40219.1
Project("{8BC9CEB8-8B4A-11D0-8D11-00A0C91BC942}") = "PushpushGame", "PushpushGame.vcxproj", "{1D03BB5C-6092-4993-8C1D-EA876BF90EAB}"
EndProject
Global
	GlobalSection(SolutionConfigurationPlatforms) = preSolution
		Debug|Win32 = Debug|Win32
		Release|Win32 = Release|Win32
	EndGlobalSection
	GlobalSection(ProjectConfigurationPlatforms) = postSolution
		{1D03BB5C-6092-4993-8C1D-EA876BF90EAB}.Debug|Win32.ActiveCfg = Debug|Win32
		{1D03BB5C-6092-4993-8C1D-EA876BF90EAB}.Debug|Win32.Build.0 = Debug|Win32
		{1D03BB5C-6092-4993-8C1D-EA876BF90EAB}.Release|Win32.ActiveCfg = Release|Win32
		{1D03BB5C-6092-4993-8C1D-EA876BF90EAB}.Release|Win32.Build.0 = Release|Win32
	EndGlobalSection
	GlobalSection(SolutionProperties) = preSolution
		HideSolutionNode = FALSE
	EndGlobalSection
EndGlobal
